
Microsoft Visual Studio Solution File, Format Version 12.00
# Visual Studio Version 17
VisualStudioVersion = 17.8.34511.84
MinimumVisualStudioVersion = 10.0.40219.1
Project("{FAE04EC0-301F-11D3-BF4B-00C04F79EFBC}") = "ProjetoUpside", "ProjetoUpside\ProjetoUpside.csproj", "{99F35B8F-1193-43B3-8E03-6134AF54408C}"
EndProject
Global
	GlobalSection(SolutionConfigurationPlatforms) = preSolution
		Debug|Any CPU = Debug|Any CPU
		Release|Any CPU = Release|Any CPU
	EndGlobalSection
	GlobalSection(ProjectConfigurationPlatforms) = postSolution
		{99F35B8F-1193-43B3-8E03-6134AF54408C}.Debug|Any CPU.ActiveCfg = Debug|Any CPU
		{99F35B8F-1193-43B3-8E03-6134AF54408C}.Debug|Any CPU.Build.0 = Debug|Any CPU
		{99F35B8F-1193-43B3-8E03-6134AF54408C}.Release|Any CPU.ActiveCfg = Release|Any CPU
		{99F35B8F-1193-43B3-8E03-6134AF54408C}.Release|Any CPU.Build.0 = Release|Any CPU
	EndGlobalSection
	GlobalSection(SolutionProperties) = preSolution
		HideSolutionNode = FALSE
	EndGlobalSection
	GlobalSection(ExtensibilityGlobals) = postSolution
		SolutionGuid = {906A7BA7-5FDC-4206-AD31-5E4D6203E3E2}
	EndGlobalSection
EndGlobal
